
Microsoft Visual Studio Solution File, Format Version 12.00
# Visual Studio 15
VisualStudioVersion = 15.0.26730.16
MinimumVisualStudioVersion = 10.0.40219.1
Project("{FAE04EC0-301F-11D3-BF4B-00C04F79EFBC}") = "Geo-Triangulation", "Geo-Triangulation\Geo-Triangulation.csproj", "{C39478F0-EEC1-45AC-AE13-B4075AB83E3B}"
EndProject
Project("{FAE04EC0-301F-11D3-BF4B-00C04F79EFBC}") = "Geo-TriangulationTests", "Geo-TriangulationTests\Geo-TriangulationTests.csproj", "{6D4FD312-080F-4321-84EE-2F3BAA5556CE}"
EndProject
Global
	GlobalSection(SolutionConfigurationPlatforms) = preSolution
		Debug|Any CPU = Debug|Any CPU
		Release|Any CPU = Release|Any CPU
	EndGlobalSection
	GlobalSection(ProjectConfigurationPlatforms) = postSolution
		{C39478F0-EEC1-45AC-AE13-B4075AB83E3B}.Debug|Any CPU.ActiveCfg = Debug|Any CPU
		{C39478F0-EEC1-45AC-AE13-B4075AB83E3B}.Debug|Any CPU.Build.0 = Debug|Any CPU
		{C39478F0-EEC1-45AC-AE13-B4075AB83E3B}.Release|Any CPU.ActiveCfg = Release|Any CPU
		{C39478F0-EEC1-45AC-AE13-B4075AB83E3B}.Release|Any CPU.Build.0 = Release|Any CPU
		{6D4FD312-080F-4321-84EE-2F3BAA5556CE}.Debug|Any CPU.ActiveCfg = Debug|Any CPU
		{6D4FD312-080F-4321-84EE-2F3BAA5556CE}.Debug|Any CPU.Build.0 = Debug|Any CPU
		{6D4FD312-080F-4321-84EE-2F3BAA5556CE}.Release|Any CPU.ActiveCfg = Release|Any CPU
		{6D4FD312-080F-4321-84EE-2F3BAA5556CE}.Release|Any CPU.Build.0 = Release|Any CPU
	EndGlobalSection
	GlobalSection(SolutionProperties) = preSolution
		HideSolutionNode = FALSE
	EndGlobalSection
	GlobalSection(ExtensibilityGlobals) = postSolution
		SolutionGuid = {727BA9D4-E616-4DF9-8CE4-708B64BF2065}
	EndGlobalSection
EndGlobal
